
Microsoft Visual Studio Solution File, Format Version 12.00
# Visual Studio Version 17
VisualStudioVersion = 17.6.33815.320
MinimumVisualStudioVersion = 10.0.40219.1
Project("{2150E333-8FDC-42A3-9474-1A3956D46DE8}") = ".root", ".root", "{AC691932-DC68-4533-843F-D015070BE454}"
	ProjectSection(SolutionItems) = preProject
		.editorconfig = .editorconfig
		.gitattributes = .gitattributes
		.gitignore = .gitignore
		Alimer.MultiTargeting.targets = Alimer.MultiTargeting.targets
		Alimer.Native.targets = Alimer.Native.targets
		Directory.Build.props = Directory.Build.props
		Directory.Build.targets = Directory.Build.targets
		Directory.Packages.props = Directory.Packages.props
		global.json = global.json
		LICENSE = LICENSE
		NuGet.config = NuGet.config
		README.md = README.md
	EndProjectSection
EndProject
Project("{2150E333-8FDC-42A3-9474-1A3956D46DE8}") = "assets", "assets", "{6E75A307-8EA0-441A-9882-967B5048E707}"
EndProject
Project("{2150E333-8FDC-42A3-9474-1A3956D46DE8}") = "editor", "editor", "{922968E0-A70B-4E09-BF72-5DB37F5936AE}"
EndProject
Project("{2150E333-8FDC-42A3-9474-1A3956D46DE8}") = "samples", "samples", "{446FAFB5-D0FC-4A98-BEDF-7967B7C200E0}"
EndProject
Project("{2150E333-8FDC-42A3-9474-1A3956D46DE8}") = "tests", "tests", "{3A53E2F8-A5FB-401A-AAA4-0845842B3614}"
EndProject
Project("{9A19103F-16F7-4668-BE54-9A1E7A4F7556}") = "Alimer", "src\Alimer\Alimer.csproj", "{31201AEE-DCE6-4784-ACB8-DF3EB7B2F999}"
EndProject
Project("{9A19103F-16F7-4668-BE54-9A1E7A4F7556}") = "Alimer.Tests", "tests\Alimer.Tests\Alimer.Tests.csproj", "{F797B201-801E-4786-9C7E-C5B9929BCD57}"
EndProject
Project("{9A19103F-16F7-4668-BE54-9A1E7A4F7556}") = "Alimer.Samples", "samples\Alimer.Samples\Alimer.Samples.csproj", "{351AA2B8-1343-49BF-9E34-DECB218C8505}"
EndProject
Project("{9A19103F-16F7-4668-BE54-9A1E7A4F7556}") = "Alimer.Rendering", "src\Alimer.Rendering\Alimer.Rendering.csproj", "{D6768171-F29C-4E7A-A99D-E19C71EE0D83}"
EndProject
Project("{9A19103F-16F7-4668-BE54-9A1E7A4F7556}") = "Alimer.Engine", "src\Alimer.Engine\Alimer.Engine.csproj", "{17287A65-E7C9-4615-82F1-0B67B5D69AE8}"
EndProject
Project("{9A19103F-16F7-4668-BE54-9A1E7A4F7556}") = "Alimer.Graphics.Tests", "tests\Alimer.Graphics.Tests\Alimer.Graphics.Tests.csproj", "{326EA4B1-635A-492B-B9DA-B8D37DD3B63B}"
EndProject
Project("{9A19103F-16F7-4668-BE54-9A1E7A4F7556}") = "Alimer.Shaders", "src\assets\Alimer.Shaders\Alimer.Shaders.csproj", "{CAABA0E8-3EE0-4993-975C-A702F5DBDE08}"
EndProject
Project("{9A19103F-16F7-4668-BE54-9A1E7A4F7556}") = "Alimer.Assets", "src\assets\Alimer.Assets\Alimer.Assets.csproj", "{A80A537D-096C-4916-9222-0F65FBFD64A8}"
EndProject
Project("{9A19103F-16F7-4668-BE54-9A1E7A4F7556}") = "Alimer.Physics", "src\Alimer.Physics\Alimer.Physics.csproj", "{F1BC001B-2C67-4BDF-A173-CBBD3AB06F36}"
EndProject
Project("{9A19103F-16F7-4668-BE54-9A1E7A4F7556}") = "Alimer.UI", "src\Alimer.UI\Alimer.UI.csproj", "{18D54D83-0AA5-4916-87CF-48B69E9F66EA}"
EndProject
Project("{9A19103F-16F7-4668-BE54-9A1E7A4F7556}") = "Alimer.Navigation", "src\Alimer.Navigation\Alimer.Navigation.csproj", "{78E4C77E-9DA7-4314-B7A2-E8797036CFFF}"
EndProject
Project("{9A19103F-16F7-4668-BE54-9A1E7A4F7556}") = "Alimer.EditorFramework", "src\editor\Alimer.EditorFramework\Alimer.EditorFramework.csproj", "{23D2739E-5B8A-406B-A6D7-B1DB939B12E7}"
EndProject
Project("{9A19103F-16F7-4668-BE54-9A1E7A4F7556}") = "Alimer.Editor", "src\editor\Alimer.Editor\Alimer.Editor.csproj", "{2696DBC8-C7A4-4AD2-AE5A-C7008AABF513}"
EndProject
Project("{9A19103F-16F7-4668-BE54-9A1E7A4F7556}") = "Alimer.ImGui", "src\Alimer.ImGui\Alimer.ImGui.csproj", "{B8CA8405-66BB-40FE-B5DD-527BF6821856}"
EndProject
Project("{9A19103F-16F7-4668-BE54-9A1E7A4F7556}") = "Alimer.ShaderCompiler", "src\assets\Alimer.ShaderCompiler\Alimer.ShaderCompiler.csproj", "{40A434AE-8653-4F40-B096-3B620DD092A7}"
EndProject
Project("{FAE04EC0-301F-11D3-BF4B-00C04F79EFBC}") = "Alimer.Native", "src\Alimer.Native\Alimer.Native.csproj", "{B9A73BF6-EBAB-4585-AD73-B3B6A496C3BC}"
EndProject
Global
	GlobalSection(SolutionConfigurationPlatforms) = preSolution
		Debug|Any CPU = Debug|Any CPU
		Release|Any CPU = Release|Any CPU
	EndGlobalSection
	GlobalSection(ProjectConfigurationPlatforms) = postSolution
		{31201AEE-DCE6-4784-ACB8-DF3EB7B2F999}.Debug|Any CPU.ActiveCfg = Debug|Any CPU
		{31201AEE-DCE6-4784-ACB8-DF3EB7B2F999}.Debug|Any CPU.Build.0 = Debug|Any CPU
		{31201AEE-DCE6-4784-ACB8-DF3EB7B2F999}.Release|Any CPU.ActiveCfg = Release|Any CPU
		{31201AEE-DCE6-4784-ACB8-DF3EB7B2F999}.Release|Any CPU.Build.0 = Release|Any CPU
		{F797B201-801E-4786-9C7E-C5B9929BCD57}.Debug|Any CPU.ActiveCfg = Debug|Any CPU
		{F797B201-801E-4786-9C7E-C5B9929BCD57}.Debug|Any CPU.Build.0 = Debug|Any CPU
		{F797B201-801E-4786-9C7E-C5B9929BCD57}.Release|Any CPU.ActiveCfg = Release|Any CPU
		{F797B201-801E-4786-9C7E-C5B9929BCD57}.Release|Any CPU.Build.0 = Release|Any CPU
		{351AA2B8-1343-49BF-9E34-DECB218C8505}.Debug|Any CPU.ActiveCfg = Debug|Any CPU
		{351AA2B8-1343-49BF-9E34-DECB218C8505}.Debug|Any CPU.Build.0 = Debug|Any CPU
		{351AA2B8-1343-49BF-9E34-DECB218C8505}.Release|Any CPU.ActiveCfg = Release|Any CPU
		{351AA2B8-1343-49BF-9E34-DECB218C8505}.Release|Any CPU.Build.0 = Release|Any CPU
		{D6768171-F29C-4E7A-A99D-E19C71EE0D83}.Debug|Any CPU.ActiveCfg = Debug|Any CPU
		{D6768171-F29C-4E7A-A99D-E19C71EE0D83}.Debug|Any CPU.Build.0 = Debug|Any CPU
		{D6768171-F29C-4E7A-A99D-E19C71EE0D83}.Release|Any CPU.ActiveCfg = Release|Any CPU
		{D6768171-F29C-4E7A-A99D-E19C71EE0D83}.Release|Any CPU.Build.0 = Release|Any CPU
		{17287A65-E7C9-4615-82F1-0B67B5D69AE8}.Debug|Any CPU.ActiveCfg = Debug|Any CPU
		{17287A65-E7C9-4615-82F1-0B67B5D69AE8}.Debug|Any CPU.Build.0 = Debug|Any CPU
		{17287A65-E7C9-4615-82F1-0B67B5D69AE8}.Release|Any CPU.ActiveCfg = Release|Any CPU
		{17287A65-E7C9-4615-82F1-0B67B5D69AE8}.Release|Any CPU.Build.0 = Release|Any CPU
		{326EA4B1-635A-492B-B9DA-B8D37DD3B63B}.Debug|Any CPU.ActiveCfg = Debug|Any CPU
		{326EA4B1-635A-492B-B9DA-B8D37DD3B63B}.Debug|Any CPU.Build.0 = Debug|Any CPU
		{326EA4B1-635A-492B-B9DA-B8D37DD3B63B}.Release|Any CPU.ActiveCfg = Release|Any CPU
		{326EA4B1-635A-492B-B9DA-B8D37DD3B63B}.Release|Any CPU.Build.0 = Release|Any CPU
		{CAABA0E8-3EE0-4993-975C-A702F5DBDE08}.Debug|Any CPU.ActiveCfg = Debug|Any CPU
		{CAABA0E8-3EE0-4993-975C-A702F5DBDE08}.Debug|Any CPU.Build.0 = Debug|Any CPU
		{CAABA0E8-3EE0-4993-975C-A702F5DBDE08}.Release|Any CPU.ActiveCfg = Release|Any CPU
		{CAABA0E8-3EE0-4993-975C-A702F5DBDE08}.Release|Any CPU.Build.0 = Release|Any CPU
		{A80A537D-096C-4916-9222-0F65FBFD64A8}.Debug|Any CPU.ActiveCfg = Debug|Any CPU
		{A80A537D-096C-4916-9222-0F65FBFD64A8}.Debug|Any CPU.Build.0 = Debug|Any CPU
		{A80A537D-096C-4916-9222-0F65FBFD64A8}.Release|Any CPU.ActiveCfg = Release|Any CPU
		{A80A537D-096C-4916-9222-0F65FBFD64A8}.Release|Any CPU.Build.0 = Release|Any CPU
		{F1BC001B-2C67-4BDF-A173-CBBD3AB06F36}.Debug|Any CPU.ActiveCfg = Debug|Any CPU
		{F1BC001B-2C67-4BDF-A173-CBBD3AB06F36}.Debug|Any CPU.Build.0 = Debug|Any CPU
		{F1BC001B-2C67-4BDF-A173-CBBD3AB06F36}.Release|Any CPU.ActiveCfg = Release|Any CPU
		{F1BC001B-2C67-4BDF-A173-CBBD3AB06F36}.Release|Any CPU.Build.0 = Release|Any CPU
		{18D54D83-0AA5-4916-87CF-48B69E9F66EA}.Debug|Any CPU.ActiveCfg = Debug|Any CPU
		{18D54D83-0AA5-4916-87CF-48B69E9F66EA}.Debug|Any CPU.Build.0 = Debug|Any CPU
		{18D54D83-0AA5-4916-87CF-48B69E9F66EA}.Release|Any CPU.ActiveCfg = Release|Any CPU
		{18D54D83-0AA5-4916-87CF-48B69E9F66EA}.Release|Any CPU.Build.0 = Release|Any CPU
		{78E4C77E-9DA7-4314-B7A2-E8797036CFFF}.Debug|Any CPU.ActiveCfg = Debug|Any CPU
		{78E4C77E-9DA7-4314-B7A2-E8797036CFFF}.Debug|Any CPU.Build.0 = Debug|Any CPU
		{78E4C77E-9DA7-4314-B7A2-E8797036CFFF}.Release|Any CPU.ActiveCfg = Release|Any CPU
		{78E4C77E-9DA7-4314-B7A2-E8797036CFFF}.Release|Any CPU.Build.0 = Release|Any CPU
		{23D2739E-5B8A-406B-A6D7-B1DB939B12E7}.Debug|Any CPU.ActiveCfg = Debug|Any CPU
		{23D2739E-5B8A-406B-A6D7-B1DB939B12E7}.Debug|Any CPU.Build.0 = Debug|Any CPU
		{23D2739E-5B8A-406B-A6D7-B1DB939B12E7}.Release|Any CPU.ActiveCfg = Release|Any CPU
		{23D2739E-5B8A-406B-A6D7-B1DB939B12E7}.Release|Any CPU.Build.0 = Release|Any CPU
		{2696DBC8-C7A4-4AD2-AE5A-C7008AABF513}.Debug|Any CPU.ActiveCfg = Debug|Any CPU
		{2696DBC8-C7A4-4AD2-AE5A-C7008AABF513}.Debug|Any CPU.Build.0 = Debug|Any CPU
		{2696DBC8-C7A4-4AD2-AE5A-C7008AABF513}.Release|Any CPU.ActiveCfg = Release|Any CPU
		{2696DBC8-C7A4-4AD2-AE5A-C7008AABF513}.Release|Any CPU.Build.0 = Release|Any CPU
		{B8CA8405-66BB-40FE-B5DD-527BF6821856}.Debug|Any CPU.ActiveCfg = Debug|Any CPU
		{B8CA8405-66BB-40FE-B5DD-527BF6821856}.Debug|Any CPU.Build.0 = Debug|Any CPU
		{B8CA8405-66BB-40FE-B5DD-527BF6821856}.Release|Any CPU.ActiveCfg = Release|Any CPU
		{B8CA8405-66BB-40FE-B5DD-527BF6821856}.Release|Any CPU.Build.0 = Release|Any CPU
		{40A434AE-8653-4F40-B096-3B620DD092A7}.Debug|Any CPU.ActiveCfg = Debug|Any CPU
		{40A434AE-8653-4F40-B096-3B620DD092A7}.Debug|Any CPU.Build.0 = Debug|Any CPU
		{40A434AE-8653-4F40-B096-3B620DD092A7}.Release|Any CPU.ActiveCfg = Release|Any CPU
		{40A434AE-8653-4F40-B096-3B620DD092A7}.Release|Any CPU.Build.0 = Release|Any CPU
		{B9A73BF6-EBAB-4585-AD73-B3B6A496C3BC}.Debug|Any CPU.ActiveCfg = Debug|Any CPU
		{B9A73BF6-EBAB-4585-AD73-B3B6A496C3BC}.Debug|Any CPU.Build.0 = Debug|Any CPU
		{B9A73BF6-EBAB-4585-AD73-B3B6A496C3BC}.Release|Any CPU.ActiveCfg = Release|Any CPU
		{B9A73BF6-EBAB-4585-AD73-B3B6A496C3BC}.Release|Any CPU.Build.0 = Release|Any CPU
	EndGlobalSection
	GlobalSection(SolutionProperties) = preSolution
		HideSolutionNode = FALSE
	EndGlobalSection
	GlobalSection(NestedProjects) = preSolution
		{F797B201-801E-4786-9C7E-C5B9929BCD57} = {3A53E2F8-A5FB-401A-AAA4-0845842B3614}
		{351AA2B8-1343-49BF-9E34-DECB218C8505} = {446FAFB5-D0FC-4A98-BEDF-7967B7C200E0}
		{326EA4B1-635A-492B-B9DA-B8D37DD3B63B} = {3A53E2F8-A5FB-401A-AAA4-0845842B3614}
		{CAABA0E8-3EE0-4993-975C-A702F5DBDE08} = {6E75A307-8EA0-441A-9882-967B5048E707}
		{A80A537D-096C-4916-9222-0F65FBFD64A8} = {6E75A307-8EA0-441A-9882-967B5048E707}
		{23D2739E-5B8A-406B-A6D7-B1DB939B12E7} = {922968E0-A70B-4E09-BF72-5DB37F5936AE}
		{2696DBC8-C7A4-4AD2-AE5A-C7008AABF513} = {922968E0-A70B-4E09-BF72-5DB37F5936AE}
		{40A434AE-8653-4F40-B096-3B620DD092A7} = {6E75A307-8EA0-441A-9882-967B5048E707}
	EndGlobalSection
	GlobalSection(ExtensibilityGlobals) = postSolution
		SolutionGuid = {2F91C04E-B42E-4037-8FF3-A9C768E70094}
	EndGlobalSection
EndGlobal
