
Microsoft Visual Studio Solution File, Format Version 12.00
# Visual Studio Version 17
VisualStudioVersion = 17.0.31410.414
MinimumVisualStudioVersion = 10.0.40219.1
Project("{2150E333-8FDC-42A3-9474-1A3956D46DE8}") = ".build", ".build", "{4205B27B-0F9D-4FE5-8FC5-8995C60F8EE4}"
	ProjectSection(SolutionItems) = preProject
		.editorconfig = .editorconfig
		Directory.Build.props = Directory.Build.props
		Directory.Build.targets = Directory.Build.targets
		global.json = global.json
		LICENSE = LICENSE
		NuGet.config = NuGet.config
		README.md = README.md
	EndProjectSection
EndProject
Project("{9A19103F-16F7-4668-BE54-9A1E7A4F7556}") = "Vortice", "src\Vortice\Vortice.csproj", "{EA44EF00-245A-440C-A5E0-A820E6666626}"
EndProject
Project("{9A19103F-16F7-4668-BE54-9A1E7A4F7556}") = "Vortice.Games", "src\Vortice.Games\Vortice.Games.csproj", "{C6CEA688-2A93-4E16-9CCF-62EC48F91589}"
EndProject
Project("{2150E333-8FDC-42A3-9474-1A3956D46DE8}") = "targets", "targets", "{32D5F8C0-9BC8-4231-AA60-50C7310BFE4B}"
	ProjectSection(SolutionItems) = preProject
		src\targets\Vortice.MultiTargeting.targets = src\targets\Vortice.MultiTargeting.targets
	EndProjectSection
EndProject
Project("{2150E333-8FDC-42A3-9474-1A3956D46DE8}") = "samples", "samples", "{D8EC0278-B4F9-4EF5-A4BE-FE2284C6ECED}"
EndProject
Project("{2150E333-8FDC-42A3-9474-1A3956D46DE8}") = "Graphics", "Graphics", "{4E0EA7FF-529D-4F30-977E-A5C7F3D83835}"
EndProject
Project("{9A19103F-16F7-4668-BE54-9A1E7A4F7556}") = "DrawTriangle", "src\samples\Graphics\DrawTriangle\DrawTriangle.csproj", "{0DB41C96-7D02-41EE-8E7B-F2B1024A8659}"
EndProject
Project("{9A19103F-16F7-4668-BE54-9A1E7A4F7556}") = "DrawTriangle.Windows", "src\samples\Graphics\DrawTriangle.Windows\DrawTriangle.Windows.csproj", "{96F40ED5-9D9E-4D06-A308-BA76E0F3616C}"
EndProject
Project("{9A19103F-16F7-4668-BE54-9A1E7A4F7556}") = "Vortice.Graphics", "src\Graphics\Vortice.Graphics\Vortice.Graphics.csproj", "{AFF4E338-AA0B-4B5A-9B62-E21410D03862}"
EndProject
Project("{2150E333-8FDC-42A3-9474-1A3956D46DE8}") = "Assets", "Assets", "{FD5B16DA-11E1-4A00-90E7-C5EE246B7C4E}"
EndProject
Project("{9A19103F-16F7-4668-BE54-9A1E7A4F7556}") = "Vortice.Assets", "src\Assets\Vortice.Assets\Vortice.Assets.csproj", "{F6A4373B-0A3F-45F1-BA64-7AD30BB7F04C}"
EndProject
Project("{2150E333-8FDC-42A3-9474-1A3956D46DE8}") = "Audio", "Audio", "{F0193F7C-734B-48E9-BDA2-5ECD97AC37EC}"
EndProject
Project("{9A19103F-16F7-4668-BE54-9A1E7A4F7556}") = "Vortice.Input", "src\Vortice.Input\Vortice.Input.csproj", "{5276BD22-F00F-4C77-B762-C7700AA4128F}"
EndProject
Project("{2150E333-8FDC-42A3-9474-1A3956D46DE8}") = "Grapihcs", "Grapihcs", "{783D107C-4D46-4B9D-95C1-0DD706142BE2}"
EndProject
Project("{9A19103F-16F7-4668-BE54-9A1E7A4F7556}") = "Vortice.Audio", "src\Audio\Vortice.Audio\Vortice.Audio.csproj", "{03BCF697-C6A0-4A76-B4F0-255920B95DD0}"
EndProject
Project("{9A19103F-16F7-4668-BE54-9A1E7A4F7556}") = "Vortice.Audio.XAudio2", "src\Audio\Vortice.Audio.XAudio2\Vortice.Audio.XAudio2.csproj", "{43FB232A-784D-4BE7-916C-022D7CAD8C7E}"
EndProject
Project("{2150E333-8FDC-42A3-9474-1A3956D46DE8}") = "Platforms", "Platforms", "{6F4EDC2F-EFFA-45BD-8C4F-76D52CD41A1C}"
EndProject
Project("{9A19103F-16F7-4668-BE54-9A1E7A4F7556}") = "Vortice.WPF", "src\Platforms\Vortice.WPF\Vortice.WPF.csproj", "{FD2D8DBB-FD8B-4DA0-A251-3C88AF1CE9F7}"
EndProject
Project("{9A19103F-16F7-4668-BE54-9A1E7A4F7556}") = "Vortice.SDL2", "src\Platforms\Vortice.SDL2\Vortice.SDL2.csproj", "{E7888A66-50C2-427D-9B47-5A924EB3A1DB}"
EndProject
Global
	GlobalSection(SolutionConfigurationPlatforms) = preSolution
		Debug|Any CPU = Debug|Any CPU
		Release|Any CPU = Release|Any CPU
	EndGlobalSection
	GlobalSection(ProjectConfigurationPlatforms) = postSolution
		{EA44EF00-245A-440C-A5E0-A820E6666626}.Debug|Any CPU.ActiveCfg = Debug|Any CPU
		{EA44EF00-245A-440C-A5E0-A820E6666626}.Debug|Any CPU.Build.0 = Debug|Any CPU
		{EA44EF00-245A-440C-A5E0-A820E6666626}.Release|Any CPU.ActiveCfg = Release|Any CPU
		{EA44EF00-245A-440C-A5E0-A820E6666626}.Release|Any CPU.Build.0 = Release|Any CPU
		{C6CEA688-2A93-4E16-9CCF-62EC48F91589}.Debug|Any CPU.ActiveCfg = Debug|Any CPU
		{C6CEA688-2A93-4E16-9CCF-62EC48F91589}.Debug|Any CPU.Build.0 = Debug|Any CPU
		{C6CEA688-2A93-4E16-9CCF-62EC48F91589}.Release|Any CPU.ActiveCfg = Release|Any CPU
		{C6CEA688-2A93-4E16-9CCF-62EC48F91589}.Release|Any CPU.Build.0 = Release|Any CPU
		{0DB41C96-7D02-41EE-8E7B-F2B1024A8659}.Debug|Any CPU.ActiveCfg = Debug|Any CPU
		{0DB41C96-7D02-41EE-8E7B-F2B1024A8659}.Debug|Any CPU.Build.0 = Debug|Any CPU
		{0DB41C96-7D02-41EE-8E7B-F2B1024A8659}.Release|Any CPU.ActiveCfg = Release|Any CPU
		{0DB41C96-7D02-41EE-8E7B-F2B1024A8659}.Release|Any CPU.Build.0 = Release|Any CPU
		{96F40ED5-9D9E-4D06-A308-BA76E0F3616C}.Debug|Any CPU.ActiveCfg = Debug|Any CPU
		{96F40ED5-9D9E-4D06-A308-BA76E0F3616C}.Debug|Any CPU.Build.0 = Debug|Any CPU
		{96F40ED5-9D9E-4D06-A308-BA76E0F3616C}.Release|Any CPU.ActiveCfg = Release|Any CPU
		{96F40ED5-9D9E-4D06-A308-BA76E0F3616C}.Release|Any CPU.Build.0 = Release|Any CPU
		{AFF4E338-AA0B-4B5A-9B62-E21410D03862}.Debug|Any CPU.ActiveCfg = Debug|Any CPU
		{AFF4E338-AA0B-4B5A-9B62-E21410D03862}.Debug|Any CPU.Build.0 = Debug|Any CPU
		{AFF4E338-AA0B-4B5A-9B62-E21410D03862}.Release|Any CPU.ActiveCfg = Release|Any CPU
		{AFF4E338-AA0B-4B5A-9B62-E21410D03862}.Release|Any CPU.Build.0 = Release|Any CPU
		{F6A4373B-0A3F-45F1-BA64-7AD30BB7F04C}.Debug|Any CPU.ActiveCfg = Debug|Any CPU
		{F6A4373B-0A3F-45F1-BA64-7AD30BB7F04C}.Debug|Any CPU.Build.0 = Debug|Any CPU
		{F6A4373B-0A3F-45F1-BA64-7AD30BB7F04C}.Release|Any CPU.ActiveCfg = Release|Any CPU
		{F6A4373B-0A3F-45F1-BA64-7AD30BB7F04C}.Release|Any CPU.Build.0 = Release|Any CPU
		{5276BD22-F00F-4C77-B762-C7700AA4128F}.Debug|Any CPU.ActiveCfg = Debug|Any CPU
		{5276BD22-F00F-4C77-B762-C7700AA4128F}.Debug|Any CPU.Build.0 = Debug|Any CPU
		{5276BD22-F00F-4C77-B762-C7700AA4128F}.Release|Any CPU.ActiveCfg = Release|Any CPU
		{5276BD22-F00F-4C77-B762-C7700AA4128F}.Release|Any CPU.Build.0 = Release|Any CPU
		{03BCF697-C6A0-4A76-B4F0-255920B95DD0}.Debug|Any CPU.ActiveCfg = Debug|Any CPU
		{03BCF697-C6A0-4A76-B4F0-255920B95DD0}.Debug|Any CPU.Build.0 = Debug|Any CPU
		{03BCF697-C6A0-4A76-B4F0-255920B95DD0}.Release|Any CPU.ActiveCfg = Release|Any CPU
		{03BCF697-C6A0-4A76-B4F0-255920B95DD0}.Release|Any CPU.Build.0 = Release|Any CPU
		{43FB232A-784D-4BE7-916C-022D7CAD8C7E}.Debug|Any CPU.ActiveCfg = Debug|Any CPU
		{43FB232A-784D-4BE7-916C-022D7CAD8C7E}.Debug|Any CPU.Build.0 = Debug|Any CPU
		{43FB232A-784D-4BE7-916C-022D7CAD8C7E}.Release|Any CPU.ActiveCfg = Release|Any CPU
		{43FB232A-784D-4BE7-916C-022D7CAD8C7E}.Release|Any CPU.Build.0 = Release|Any CPU
		{FD2D8DBB-FD8B-4DA0-A251-3C88AF1CE9F7}.Debug|Any CPU.ActiveCfg = Debug|Any CPU
		{FD2D8DBB-FD8B-4DA0-A251-3C88AF1CE9F7}.Debug|Any CPU.Build.0 = Debug|Any CPU
		{FD2D8DBB-FD8B-4DA0-A251-3C88AF1CE9F7}.Release|Any CPU.ActiveCfg = Release|Any CPU
		{FD2D8DBB-FD8B-4DA0-A251-3C88AF1CE9F7}.Release|Any CPU.Build.0 = Release|Any CPU
		{E7888A66-50C2-427D-9B47-5A924EB3A1DB}.Debug|Any CPU.ActiveCfg = Debug|Any CPU
		{E7888A66-50C2-427D-9B47-5A924EB3A1DB}.Debug|Any CPU.Build.0 = Debug|Any CPU
		{E7888A66-50C2-427D-9B47-5A924EB3A1DB}.Release|Any CPU.ActiveCfg = Release|Any CPU
		{E7888A66-50C2-427D-9B47-5A924EB3A1DB}.Release|Any CPU.Build.0 = Release|Any CPU
	EndGlobalSection
	GlobalSection(SolutionProperties) = preSolution
		HideSolutionNode = FALSE
	EndGlobalSection
	GlobalSection(NestedProjects) = preSolution
		{4E0EA7FF-529D-4F30-977E-A5C7F3D83835} = {D8EC0278-B4F9-4EF5-A4BE-FE2284C6ECED}
		{0DB41C96-7D02-41EE-8E7B-F2B1024A8659} = {4E0EA7FF-529D-4F30-977E-A5C7F3D83835}
		{96F40ED5-9D9E-4D06-A308-BA76E0F3616C} = {4E0EA7FF-529D-4F30-977E-A5C7F3D83835}
		{AFF4E338-AA0B-4B5A-9B62-E21410D03862} = {783D107C-4D46-4B9D-95C1-0DD706142BE2}
		{F6A4373B-0A3F-45F1-BA64-7AD30BB7F04C} = {FD5B16DA-11E1-4A00-90E7-C5EE246B7C4E}
		{03BCF697-C6A0-4A76-B4F0-255920B95DD0} = {F0193F7C-734B-48E9-BDA2-5ECD97AC37EC}
		{43FB232A-784D-4BE7-916C-022D7CAD8C7E} = {F0193F7C-734B-48E9-BDA2-5ECD97AC37EC}
		{FD2D8DBB-FD8B-4DA0-A251-3C88AF1CE9F7} = {6F4EDC2F-EFFA-45BD-8C4F-76D52CD41A1C}
		{E7888A66-50C2-427D-9B47-5A924EB3A1DB} = {6F4EDC2F-EFFA-45BD-8C4F-76D52CD41A1C}
	EndGlobalSection
	GlobalSection(ExtensibilityGlobals) = postSolution
		SolutionGuid = {85020CE7-9EF6-4502-94F6-98643E762B78}
	EndGlobalSection
EndGlobal
