
Microsoft Visual Studio Solution File, Format Version 12.00
# Visual Studio Version 16
VisualStudioVersion = 16.0.29806.167
MinimumVisualStudioVersion = 10.0.40219.1
Project("{9A19103F-16F7-4668-BE54-9A1E7A4F7556}") = "Vortice.Core", "src\Vortice.Core\Vortice.Core.csproj", "{BC4C25B2-9347-4857-9822-F35A9BB17426}"
EndProject
Project("{2150E333-8FDC-42A3-9474-1A3956D46DE8}") = "samples", "samples", "{9044C65B-33AC-4288-8517-65F312BE95B1}"
EndProject
Project("{2150E333-8FDC-42A3-9474-1A3956D46DE8}") = "Graphics", "Graphics", "{DE7DB03A-8E6D-4A0B-B19B-B56B2F0E1C87}"
EndProject
Project("{9A19103F-16F7-4668-BE54-9A1E7A4F7556}") = "DrawTriangle.NetCore", "src\samples\Graphics\DrawTriangle.NetCore\DrawTriangle.NetCore.csproj", "{E983FA7D-03D9-4804-8BA4-E8258F7231C2}"
EndProject
Project("{9A19103F-16F7-4668-BE54-9A1E7A4F7556}") = "Vortice.Input", "src\Vortice.Input\Vortice.Input.csproj", "{F27A6BC6-F754-4A54-8FA2-FFDC43C6DC02}"
EndProject
Project("{9A19103F-16F7-4668-BE54-9A1E7A4F7556}") = "Vortice.GLFW", "src\Vortice.GLFW\Vortice.GLFW.csproj", "{D334CA63-F02F-400B-B906-CA4DB1E4077A}"
EndProject
Project("{9A19103F-16F7-4668-BE54-9A1E7A4F7556}") = "Vortice.Graphics", "src\Vortice.Graphics\Vortice.Graphics.csproj", "{B8873C4A-A6A4-4891-BCD8-2D57DCC29E63}"
EndProject
Project("{9A19103F-16F7-4668-BE54-9A1E7A4F7556}") = "Vortice.Application", "src\Vortice.Application\Vortice.Application.csproj", "{CEEB0402-5B7D-48D7-9701-C26BCBDE687C}"
EndProject
Project("{2150E333-8FDC-42A3-9474-1A3956D46DE8}") = "Solution Items", "Solution Items", "{4205B27B-0F9D-4FE5-8FC5-8995C60F8EE4}"
	ProjectSection(SolutionItems) = preProject
		global.json = global.json
		LICENSE = LICENSE
		nuget.config = nuget.config
		README.md = README.md
		version.json = version.json
	EndProjectSection
EndProject
Global
	GlobalSection(SolutionConfigurationPlatforms) = preSolution
		Debug|Any CPU = Debug|Any CPU
		Release|Any CPU = Release|Any CPU
	EndGlobalSection
	GlobalSection(ProjectConfigurationPlatforms) = postSolution
		{BC4C25B2-9347-4857-9822-F35A9BB17426}.Debug|Any CPU.ActiveCfg = Debug|Any CPU
		{BC4C25B2-9347-4857-9822-F35A9BB17426}.Debug|Any CPU.Build.0 = Debug|Any CPU
		{BC4C25B2-9347-4857-9822-F35A9BB17426}.Release|Any CPU.ActiveCfg = Release|Any CPU
		{BC4C25B2-9347-4857-9822-F35A9BB17426}.Release|Any CPU.Build.0 = Release|Any CPU
		{E983FA7D-03D9-4804-8BA4-E8258F7231C2}.Debug|Any CPU.ActiveCfg = Debug|Any CPU
		{E983FA7D-03D9-4804-8BA4-E8258F7231C2}.Debug|Any CPU.Build.0 = Debug|Any CPU
		{E983FA7D-03D9-4804-8BA4-E8258F7231C2}.Release|Any CPU.ActiveCfg = Release|Any CPU
		{E983FA7D-03D9-4804-8BA4-E8258F7231C2}.Release|Any CPU.Build.0 = Release|Any CPU
		{F27A6BC6-F754-4A54-8FA2-FFDC43C6DC02}.Debug|Any CPU.ActiveCfg = Debug|Any CPU
		{F27A6BC6-F754-4A54-8FA2-FFDC43C6DC02}.Debug|Any CPU.Build.0 = Debug|Any CPU
		{F27A6BC6-F754-4A54-8FA2-FFDC43C6DC02}.Release|Any CPU.ActiveCfg = Release|Any CPU
		{F27A6BC6-F754-4A54-8FA2-FFDC43C6DC02}.Release|Any CPU.Build.0 = Release|Any CPU
		{D334CA63-F02F-400B-B906-CA4DB1E4077A}.Debug|Any CPU.ActiveCfg = Debug|Any CPU
		{D334CA63-F02F-400B-B906-CA4DB1E4077A}.Debug|Any CPU.Build.0 = Debug|Any CPU
		{D334CA63-F02F-400B-B906-CA4DB1E4077A}.Release|Any CPU.ActiveCfg = Release|Any CPU
		{D334CA63-F02F-400B-B906-CA4DB1E4077A}.Release|Any CPU.Build.0 = Release|Any CPU
		{B8873C4A-A6A4-4891-BCD8-2D57DCC29E63}.Debug|Any CPU.ActiveCfg = Debug|Any CPU
		{B8873C4A-A6A4-4891-BCD8-2D57DCC29E63}.Debug|Any CPU.Build.0 = Debug|Any CPU
		{B8873C4A-A6A4-4891-BCD8-2D57DCC29E63}.Release|Any CPU.ActiveCfg = Release|Any CPU
		{B8873C4A-A6A4-4891-BCD8-2D57DCC29E63}.Release|Any CPU.Build.0 = Release|Any CPU
		{CEEB0402-5B7D-48D7-9701-C26BCBDE687C}.Debug|Any CPU.ActiveCfg = Debug|Any CPU
		{CEEB0402-5B7D-48D7-9701-C26BCBDE687C}.Debug|Any CPU.Build.0 = Debug|Any CPU
		{CEEB0402-5B7D-48D7-9701-C26BCBDE687C}.Release|Any CPU.ActiveCfg = Release|Any CPU
		{CEEB0402-5B7D-48D7-9701-C26BCBDE687C}.Release|Any CPU.Build.0 = Release|Any CPU
	EndGlobalSection
	GlobalSection(SolutionProperties) = preSolution
		HideSolutionNode = FALSE
	EndGlobalSection
	GlobalSection(NestedProjects) = preSolution
		{DE7DB03A-8E6D-4A0B-B19B-B56B2F0E1C87} = {9044C65B-33AC-4288-8517-65F312BE95B1}
		{E983FA7D-03D9-4804-8BA4-E8258F7231C2} = {DE7DB03A-8E6D-4A0B-B19B-B56B2F0E1C87}
	EndGlobalSection
	GlobalSection(ExtensibilityGlobals) = postSolution
		SolutionGuid = {85020CE7-9EF6-4502-94F6-98643E762B78}
	EndGlobalSection
EndGlobal
